
Microsoft Visual Studio Solution File, Format Version 12.00
# Visual Studio Version 16
VisualStudioVersion = 16.0.31105.61
MinimumVisualStudioVersion = 10.0.40219.1
Project("{FAE04EC0-301F-11D3-BF4B-00C04F79EFBC}") = "Zadanie№7", "Zadanie№7\Zadanie№7.csproj", "{02C955A7-9B82-42E9-BB8B-8ED80CCDFDBA}"
EndProject
Global
	GlobalSection(SolutionConfigurationPlatforms) = preSolution
		Debug|Any CPU = Debug|Any CPU
		Release|Any CPU = Release|Any CPU
	EndGlobalSection
	GlobalSection(ProjectConfigurationPlatforms) = postSolution
		{02C955A7-9B82-42E9-BB8B-8ED80CCDFDBA}.Debug|Any CPU.ActiveCfg = Debug|Any CPU
		{02C955A7-9B82-42E9-BB8B-8ED80CCDFDBA}.Debug|Any CPU.Build.0 = Debug|Any CPU
		{02C955A7-9B82-42E9-BB8B-8ED80CCDFDBA}.Release|Any CPU.ActiveCfg = Release|Any CPU
		{02C955A7-9B82-42E9-BB8B-8ED80CCDFDBA}.Release|Any CPU.Build.0 = Release|Any CPU
	EndGlobalSection
	GlobalSection(SolutionProperties) = preSolution
		HideSolutionNode = FALSE
	EndGlobalSection
	GlobalSection(ExtensibilityGlobals) = postSolution
		SolutionGuid = {72AAEF46-720A-4A87-8DC1-597CA1607D75}
	EndGlobalSection
EndGlobal
